
Microsoft Visual Studio Solution File, Format Version 12.00
# Visual Studio Version 16
VisualStudioVersion = 16.0.29411.108
MinimumVisualStudioVersion = 10.0.40219.1
Project("{FAE04EC0-301F-11D3-BF4B-00C04F79EFBC}") = "DrawingProperties", "DrawingProperties\DrawingProperties.csproj", "{23BD0ABE-0936-4E20-AC78-6E61DA233113}"
EndProject
Global
	GlobalSection(SolutionConfigurationPlatforms) = preSolution
		Debug|Any CPU = Debug|Any CPU
		Release|Any CPU = Release|Any CPU
	EndGlobalSection
	GlobalSection(ProjectConfigurationPlatforms) = postSolution
		{23BD0ABE-0936-4E20-AC78-6E61DA233113}.Debug|Any CPU.ActiveCfg = Debug|Any CPU
		{23BD0ABE-0936-4E20-AC78-6E61DA233113}.Debug|Any CPU.Build.0 = Debug|Any CPU
		{23BD0ABE-0936-4E20-AC78-6E61DA233113}.Release|Any CPU.ActiveCfg = Release|Any CPU
		{23BD0ABE-0936-4E20-AC78-6E61DA233113}.Release|Any CPU.Build.0 = Release|Any CPU
	EndGlobalSection
	GlobalSection(SolutionProperties) = preSolution
		HideSolutionNode = FALSE
	EndGlobalSection
	GlobalSection(ExtensibilityGlobals) = postSolution
		SolutionGuid = {DE2E03B0-BD9B-42B2-8C41-9413ABCDEC15}
	EndGlobalSection
EndGlobal
